github.com/confluentinc/confluent-kafka-go v1.7.0 h1:tXh3LWb2Ne0WiU3ng4h5qiGA9XV61rz46w60O+cq8bM=
github.com/confluentinc/confluent-kafka-go v1.7.0/go.mod h1:u2zNLny2xq+5rWeTQjFHbDzzNuba4P1vo31r9r4uAdg=
github.com/davecgh/go-spew v1.1.0 h1:ZDRjVQ15GmhC3fiQ8ni8+OwkZQO4DARzQgrnXU1Liz8=
github.com/davecgh/go-spew v1.1.0/go.mod h1:J7Y8YcW2NihsgmVo/mv3lAwl/skON4iLHjSsI+c5H38=
github.com/google/go-cmp v0.5.6 h1:BKbKCqvP6I+rmFHt06ZmyQtvB8xAkWdhFyr0ZUNZcxQ=
github.com/google/go-cmp v0.5.6/go.mod h1:v8dTdLbMG2kIc/vJvl+f65V22dbkXbowE6jgT/gNBxE=
github.com/pmezard/go-difflib v1.0.0 h1:4DBwDE0NGyQoBHbLQYPwSUPoCMWR5BEzIk/f1lZbAQM=
github.com/pmezard/go-difflib v1.0.0/go.mod h1:iKH77koFhYxTK1pcRnkKkqfTogsbg7gZNVY4sRDYZ/4=
github.com/stretchr/objx v0.1.0/go.mod h1:HFkY916IF+rwdDfMAkV7OtwuqBVzrE8GR6GFx+wExME=
github.com/stretchr/testify v1.7.0 h1:nwc3DEeHmmLAfoZucVR881uASk0Mfjw8xYJ99tb5CcY=
github.com/stretchr/testify v1.7.0/go.mod h1:6Fq8oRcR53rry900zMqJjRRixrwX3KX962/h/Wwjteg=
go.opentelemetry.io/contrib v1.0.0 h1:khwDCxdSspjOLmFnvMuSHd/5rPzbTx0+l6aURwtQdfE=
go.opentelemetry.io/contrib v1.0.0/go.mod h1:EH4yDYeNoaTqn/8yCWQmfNB78VHfGX2Jt2bvnvzBlGM=
go.opentelemetry.io/otel v1.0.1 h1:4XKyXmfqJLOQ7feyV5DB6gsBFZ0ltB8vLtp6pj4JIcc=
go.opentelemetry.io/otel v1.0.1/go.mod h1:OPEOD4jIT2SlZPMmwT6FqZz2C0ZNdQqiWcoK6M0SNFU=
go.opentelemetry.io/otel/exporters/stdout/stdouttrace v1.0.1 h1:QaXn87hD37gomnr0W9OVju7ouaijrT7+92uurmn2zvQ=
go.opentelemetry.io/otel/exporters/stdout/stdouttrace v1.0.1/go.mod h1:B1r9v/IqMtkB0lIGbbayqT6f2awSH0EDZya1Yu4p1pU=
go.opentelemetry.io/otel/sdk v1.0.1 h1:wXxFEWGo7XfXupPwVJvTBOaPBC9FEg0wB8hMNrKk+cA=
go.opentelemetry.io/otel/sdk v1.0.1/go.mod h1:HrdXne+BiwsOHYYkBE5ysIcv2bvdZstxzmCQhxTcZkI=
go.opentelemetry.io/otel/trace v1.0.1 h1:StTeIH6Q3G4r0Fiw34LTokUFESZgIDUr0qIJ7mKmAfw=
go.opentelemetry.io/otel/trace v1.0.1/go.mod h1:5g4i4fKLaX2BQpSBsxw8YYcgKpMMSW3x7ZTuYBr3sUk=
golang.org/x/sys v0.0.0-20210423185535-09eb48e85fd7 h1:iGu644GcxtEcrInvDsQRCwJjtCIOlT2V7IRt6ah2Whw=
golang.org/x/sys v0.0.0-20210423185535-09eb48e85fd7/go.mod h1:h1NjWce9XRLGQEsW7wpKNCjG9DtNlClVuFLEZdDNbEs=
golang.org/x/xerrors v0.0.0-20191204190536-9bdfabe68543/go.mod h1:I/5z698sn9Ka8TeJc9MKroUUfqBBauWjQqLJ2OPfmY0=
gopkg.in/check.v1 v0.0.0-20161208181325-20d25e280405/go.mod h1:Co6ibVJAznAaIkqp8huTwlJQCZ016jof/cbN4VW5Yz0=
gopkg.in/yaml.v3 v3.0.0-20200313102051-9f266ea9e77c h1:dUUwHk2QECo/6vqA44rthZ8ie2QXMNeKRTHCNY2nXvo=
gopkg.in/yaml.v3 v3.0.0-20200313102051-9f266ea9e77c/go.mod h1:K4uyk7z7BCEPqu6E+C64Yfv1cQ7kz7rIZviUmN+EgEM=
